
Microsoft Visual Studio Solution File, Format Version 12.00
# Visual Studio Version 16
VisualStudioVersion = 16.0.30104.148
MinimumVisualStudioVersion = 10.0.40219.1
Project("{FAE04EC0-301F-11D3-BF4B-00C04F79EFBC}") = "VkBot", "Vkbot\VkBot.csproj", "{3D559D58-AFEF-4CD2-93B5-82F5A0B31F2D}"
EndProject
Project("{FAE04EC0-301F-11D3-BF4B-00C04F79EFBC}") = "TelegramBot", "Telegrambot\TelegramBot.csproj", "{7324E68D-3E74-4351-8CCE-79F3008884F7}"
EndProject
Project("{FAE04EC0-301F-11D3-BF4B-00C04F79EFBC}") = "BotHandlers", "BotHandlers\BotHandlers.csproj", "{1E424885-D459-4ED6-BBA5-95B4DB77DEDC}"
EndProject
Project("{FAE04EC0-301F-11D3-BF4B-00C04F79EFBC}") = "TestBot", "TestBot\TestBot.csproj", "{6F4BDBDA-4C59-4A22-A4BA-81629EC4EAF1}"
EndProject
Project("{FAE04EC0-301F-11D3-BF4B-00C04F79EFBC}") = "BotUnitTests", "BotUnitTests\BotUnitTests.csproj", "{DA32DE81-592B-4248-AC51-AD36CC18EF5A}"
EndProject
Project("{2150E333-8FDC-42A3-9474-1A3956D46DE8}") = "Tests", "Tests", "{73E32F40-104E-4BBE-809B-21DAC244FF43}"
EndProject
Global
	GlobalSection(SolutionConfigurationPlatforms) = preSolution
		Debug|Any CPU = Debug|Any CPU
		Release|Any CPU = Release|Any CPU
	EndGlobalSection
	GlobalSection(ProjectConfigurationPlatforms) = postSolution
		{3D559D58-AFEF-4CD2-93B5-82F5A0B31F2D}.Debug|Any CPU.ActiveCfg = Debug|Any CPU
		{3D559D58-AFEF-4CD2-93B5-82F5A0B31F2D}.Debug|Any CPU.Build.0 = Debug|Any CPU
		{3D559D58-AFEF-4CD2-93B5-82F5A0B31F2D}.Release|Any CPU.ActiveCfg = Release|Any CPU
		{3D559D58-AFEF-4CD2-93B5-82F5A0B31F2D}.Release|Any CPU.Build.0 = Release|Any CPU
		{7324E68D-3E74-4351-8CCE-79F3008884F7}.Debug|Any CPU.ActiveCfg = Debug|Any CPU
		{7324E68D-3E74-4351-8CCE-79F3008884F7}.Debug|Any CPU.Build.0 = Debug|Any CPU
		{7324E68D-3E74-4351-8CCE-79F3008884F7}.Release|Any CPU.ActiveCfg = Release|Any CPU
		{7324E68D-3E74-4351-8CCE-79F3008884F7}.Release|Any CPU.Build.0 = Release|Any CPU
		{1E424885-D459-4ED6-BBA5-95B4DB77DEDC}.Debug|Any CPU.ActiveCfg = Debug|Any CPU
		{1E424885-D459-4ED6-BBA5-95B4DB77DEDC}.Debug|Any CPU.Build.0 = Debug|Any CPU
		{1E424885-D459-4ED6-BBA5-95B4DB77DEDC}.Release|Any CPU.ActiveCfg = Release|Any CPU
		{1E424885-D459-4ED6-BBA5-95B4DB77DEDC}.Release|Any CPU.Build.0 = Release|Any CPU
		{6F4BDBDA-4C59-4A22-A4BA-81629EC4EAF1}.Debug|Any CPU.ActiveCfg = Debug|Any CPU
		{6F4BDBDA-4C59-4A22-A4BA-81629EC4EAF1}.Debug|Any CPU.Build.0 = Debug|Any CPU
		{6F4BDBDA-4C59-4A22-A4BA-81629EC4EAF1}.Release|Any CPU.ActiveCfg = Release|Any CPU
		{6F4BDBDA-4C59-4A22-A4BA-81629EC4EAF1}.Release|Any CPU.Build.0 = Release|Any CPU
		{DA32DE81-592B-4248-AC51-AD36CC18EF5A}.Debug|Any CPU.ActiveCfg = Debug|Any CPU
		{DA32DE81-592B-4248-AC51-AD36CC18EF5A}.Debug|Any CPU.Build.0 = Debug|Any CPU
		{DA32DE81-592B-4248-AC51-AD36CC18EF5A}.Release|Any CPU.ActiveCfg = Release|Any CPU
		{DA32DE81-592B-4248-AC51-AD36CC18EF5A}.Release|Any CPU.Build.0 = Release|Any CPU
	EndGlobalSection
	GlobalSection(SolutionProperties) = preSolution
		HideSolutionNode = FALSE
	EndGlobalSection
	GlobalSection(NestedProjects) = preSolution
		{6F4BDBDA-4C59-4A22-A4BA-81629EC4EAF1} = {73E32F40-104E-4BBE-809B-21DAC244FF43}
		{DA32DE81-592B-4248-AC51-AD36CC18EF5A} = {73E32F40-104E-4BBE-809B-21DAC244FF43}
	EndGlobalSection
	GlobalSection(ExtensibilityGlobals) = postSolution
		SolutionGuid = {850E36BF-A3B5-4805-A587-500DDB504A49}
	EndGlobalSection
EndGlobal
